<?xml version="1.0" encoding="utf-8"?>
<Project ToolsVersion="4.0" xmlns="http://schemas.microsoft.com/developer/msbuild/2003">
  <ItemGroup>
    <Filter Include="Source Files">
      <UniqueIdentifier>{4FC737F1-C7A5-4376-A066-2A32D752A2FF}</UniqueIdentifier>
      <Extensions>cpp;c;cc;cxx;c++;cppm;ixx;def;odl;idl;hpj;bat;asm;asmx</Extensions>
    </Filter>
    <Filter Include="Header Files">
      <UniqueIdentifier>{93995380-89BD-4b04-88EB-625FBE52EBFB}</UniqueIdentifier>
      <Extensions>h;hh;hpp;hxx;h++;hm;inl;inc;ipp;xsd</Extensions>
    </Filter>
    <Filter Include="Resource Files">
      <UniqueIdentifier>{67DA6AB6-F800-4c08-8B7A-83BB121AAD01}</UniqueIdentifier>
      <Extensions>rc;ico;cur;bmp;dlg;rc2;rct;bin;rgs;gif;jpg;jpeg;jpe;resx;tiff;tif;png;wav;mfcribbon-ms</Extensions>
    </Filter>
    <Filter Include="Source Files\Stages">
      <UniqueIdentifier>{90f00a34-9179-465b-a214-165d6f00ba8b}</UniqueIdentifier>
    </Filter>
  </ItemGroup>
  <ItemGroup>
    <ClCompile Include="RobloxDumper.cpp">
      <Filter>Source Files</Filter>
    </ClCompile>
    <ClCompile Include="Core.cpp">
      <Filter>Source Files</Filter>
    </ClCompile>
    <ClCompile Include="Stages\FakeDataModel.cpp">
      <Filter>Source Files\Stages</Filter>
    </ClCompile>
    <ClCompile Include="Stages\TaskScheduler.cpp">
      <Filter>Source Files\Stages</Filter>
    </ClCompile>
    <ClCompile Include="FFlagDumper.cpp">
      <Filter>Source Files</Filter>
    </ClCompile>
    <ClCompile Include="Stages\Instance.cpp">
      <Filter>Source Files\Stages</Filter>
    </ClCompile>
    <ClCompile Include="Stages\Script.cpp">
      <Filter>Source Files\Stages</Filter>
    </ClCompile>
    <ClCompile Include="OffsetScanner.cpp">
      <Filter>Source Files</Filter>
    </ClCompile>
    <ClCompile Include="Stages\DataModel.cpp">
      <Filter>Source Files\Stages</Filter>
    </ClCompile>
    <ClCompile Include="Stages\Humanoid.cpp">
      <Filter>Source Files\Stages</Filter>
    </ClCompile>
    <ClCompile Include="Stages\Workspace.cpp">
      <Filter>Source Files\Stages</Filter>
    </ClCompile>
  </ItemGroup>
  <ItemGroup>
    <ClInclude Include="Core.hpp">
      <Filter>Header Files</Filter>
    </ClInclude>
    <ClInclude Include="Stages\TaskScheduler.hpp">
      <Filter>Header Files</Filter>
    </ClInclude>
    <ClInclude Include="Stages\FakeDataModel.hpp">
      <Filter>Header Files</Filter>
    </ClInclude>
    <ClInclude Include="FFlagDumper.hpp">
      <Filter>Header Files</Filter>
    </ClInclude>
    <ClInclude Include="Stages\Instance.hpp">
      <Filter>Header Files</Filter>
    </ClInclude>
    <ClInclude Include="Stages\Script.hpp">
      <Filter>Header Files</Filter>
    </ClInclude>
    <ClInclude Include="OffsetScanner.hpp">
      <Filter>Header Files</Filter>
    </ClInclude>
    <ClInclude Include="Stages\DataModel.hpp">
      <Filter>Header Files</Filter>
    </ClInclude>
    <ClInclude Include="Stages\Humanoid.hpp">
      <Filter>Header Files</Filter>
    </ClInclude>
    <ClInclude Include="Stages\Workspace.hpp">
      <Filter>Header Files</Filter>
    </ClInclude>
  </ItemGroup>
</Project>